
Microsoft Visual Studio Solution File, Format Version 12.00
# Visual Studio 2012
Project("{8BC9CEB8-8B4A-11D0-8D11-00A0C91BC942}") = "ex01", "ex01\ex01.vcxproj", "{FA03F923-94F3-4367-B317-B2C5BC0DAE9D}"
EndProject
Project("{8BC9CEB8-8B4A-11D0-8D11-00A0C91BC942}") = "ex02", "ex02\ex02.vcxproj", "{BB3DAADE-D470-4DA4-B171-68E391A75E57}"
EndProject
Global
	GlobalSection(SolutionConfigurationPlatforms) = preSolution
		Debug|Win32 = Debug|Win32
		Release|Win32 = Release|Win32
	EndGlobalSection
	GlobalSection(ProjectConfigurationPlatforms) = postSolution
		{FA03F923-94F3-4367-B317-B2C5BC0DAE9D}.Debug|Win32.ActiveCfg = Debug|Win32
		{FA03F923-94F3-4367-B317-B2C5BC0DAE9D}.Debug|Win32.Build.0 = Debug|Win32
		{FA03F923-94F3-4367-B317-B2C5BC0DAE9D}.Release|Win32.ActiveCfg = Release|Win32
		{FA03F923-94F3-4367-B317-B2C5BC0DAE9D}.Release|Win32.Build.0 = Release|Win32
		{BB3DAADE-D470-4DA4-B171-68E391A75E57}.Debug|Win32.ActiveCfg = Debug|Win32
		{BB3DAADE-D470-4DA4-B171-68E391A75E57}.Debug|Win32.Build.0 = Debug|Win32
		{BB3DAADE-D470-4DA4-B171-68E391A75E57}.Release|Win32.ActiveCfg = Release|Win32
		{BB3DAADE-D470-4DA4-B171-68E391A75E57}.Release|Win32.Build.0 = Release|Win32
	EndGlobalSection
	GlobalSection(SolutionProperties) = preSolution
		HideSolutionNode = FALSE
	EndGlobalSection
EndGlobal
